
Microsoft Visual Studio Solution File, Format Version 12.00
# Visual Studio Version 17
VisualStudioVersion = 17.8.34525.116
MinimumVisualStudioVersion = 10.0.40219.1
Project("{FAE04EC0-301F-11D3-BF4B-00C04F79EFBC}") = "ScopedSingletonTransient_Crud", "ScopedSingletonTransient_Crud\ScopedSingletonTransient_Crud.csproj", "{3E279FA7-4C40-4B0E-A358-BD1E5378CE18}"
EndProject
Global
	GlobalSection(SolutionConfigurationPlatforms) = preSolution
		Debug|Any CPU = Debug|Any CPU
		Release|Any CPU = Release|Any CPU
	EndGlobalSection
	GlobalSection(ProjectConfigurationPlatforms) = postSolution
		{3E279FA7-4C40-4B0E-A358-BD1E5378CE18}.Debug|Any CPU.ActiveCfg = Debug|Any CPU
		{3E279FA7-4C40-4B0E-A358-BD1E5378CE18}.Debug|Any CPU.Build.0 = Debug|Any CPU
		{3E279FA7-4C40-4B0E-A358-BD1E5378CE18}.Release|Any CPU.ActiveCfg = Release|Any CPU
		{3E279FA7-4C40-4B0E-A358-BD1E5378CE18}.Release|Any CPU.Build.0 = Release|Any CPU
	EndGlobalSection
	GlobalSection(SolutionProperties) = preSolution
		HideSolutionNode = FALSE
	EndGlobalSection
	GlobalSection(ExtensibilityGlobals) = postSolution
		SolutionGuid = {F2109948-398C-4008-B1A5-CC388D97B54E}
	EndGlobalSection
EndGlobal
